
Microsoft Visual Studio Solution File, Format Version 12.00
# Visual Studio Version 17
VisualStudioVersion = 17.14.36623.8 d17.14
MinimumVisualStudioVersion = 10.0.40219.1
Project("{FAE04EC0-301F-11D3-BF4B-00C04F79EFBC}") = "Operator", "Operator\Operator.csproj", "{04D03B55-801D-46C6-B5E2-418F0AACC2A6}"
EndProject
Global
	GlobalSection(SolutionConfigurationPlatforms) = preSolution
		Debug|Any CPU = Debug|Any CPU
		Release|Any CPU = Release|Any CPU
	EndGlobalSection
	GlobalSection(ProjectConfigurationPlatforms) = postSolution
		{04D03B55-801D-46C6-B5E2-418F0AACC2A6}.Debug|Any CPU.ActiveCfg = Debug|Any CPU
		{04D03B55-801D-46C6-B5E2-418F0AACC2A6}.Debug|Any CPU.Build.0 = Debug|Any CPU
		{04D03B55-801D-46C6-B5E2-418F0AACC2A6}.Release|Any CPU.ActiveCfg = Release|Any CPU
		{04D03B55-801D-46C6-B5E2-418F0AACC2A6}.Release|Any CPU.Build.0 = Release|Any CPU
	EndGlobalSection
	GlobalSection(SolutionProperties) = preSolution
		HideSolutionNode = FALSE
	EndGlobalSection
	GlobalSection(ExtensibilityGlobals) = postSolution
		SolutionGuid = {C07EF47E-FAB5-44F5-8EA2-7EA8E211A0BD}
	EndGlobalSection
EndGlobal
